
Microsoft Visual Studio Solution File, Format Version 12.00
# Visual Studio Version 16
VisualStudioVersion = 16.0.31205.134
MinimumVisualStudioVersion = 10.0.40219.1
Project("{FAE04EC0-301F-11D3-BF4B-00C04F79EFBC}") = "SWIM.Android", "SWIM\SWIM.Android\SWIM.Android.csproj", "{E1665602-82E0-4DFB-B9A7-C6462683658D}"
EndProject
Project("{FAE04EC0-301F-11D3-BF4B-00C04F79EFBC}") = "SWIM.iOS", "SWIM\SWIM.iOS\SWIM.iOS.csproj", "{45787D7A-68F3-4753-8B07-905A82F6E96E}"
EndProject
Project("{FAE04EC0-301F-11D3-BF4B-00C04F79EFBC}") = "SWIM", "SWIM\SWIM\SWIM.csproj", "{3B12746B-D777-489A-B8F8-5BC0CE8E0535}"
EndProject
Global
	GlobalSection(SolutionConfigurationPlatforms) = preSolution
		Debug|Any CPU = Debug|Any CPU
		Debug|iPhone = Debug|iPhone
		Debug|iPhoneSimulator = Debug|iPhoneSimulator
		Release|Any CPU = Release|Any CPU
		Release|iPhone = Release|iPhone
		Release|iPhoneSimulator = Release|iPhoneSimulator
	EndGlobalSection
	GlobalSection(ProjectConfigurationPlatforms) = postSolution
		{E1665602-82E0-4DFB-B9A7-C6462683658D}.Debug|Any CPU.ActiveCfg = Debug|Any CPU
		{E1665602-82E0-4DFB-B9A7-C6462683658D}.Debug|Any CPU.Build.0 = Debug|Any CPU
		{E1665602-82E0-4DFB-B9A7-C6462683658D}.Debug|Any CPU.Deploy.0 = Debug|Any CPU
		{E1665602-82E0-4DFB-B9A7-C6462683658D}.Debug|iPhone.ActiveCfg = Debug|Any CPU
		{E1665602-82E0-4DFB-B9A7-C6462683658D}.Debug|iPhone.Build.0 = Debug|Any CPU
		{E1665602-82E0-4DFB-B9A7-C6462683658D}.Debug|iPhone.Deploy.0 = Debug|Any CPU
		{E1665602-82E0-4DFB-B9A7-C6462683658D}.Debug|iPhoneSimulator.ActiveCfg = Debug|Any CPU
		{E1665602-82E0-4DFB-B9A7-C6462683658D}.Debug|iPhoneSimulator.Build.0 = Debug|Any CPU
		{E1665602-82E0-4DFB-B9A7-C6462683658D}.Debug|iPhoneSimulator.Deploy.0 = Debug|Any CPU
		{E1665602-82E0-4DFB-B9A7-C6462683658D}.Release|Any CPU.ActiveCfg = Release|Any CPU
		{E1665602-82E0-4DFB-B9A7-C6462683658D}.Release|Any CPU.Build.0 = Release|Any CPU
		{E1665602-82E0-4DFB-B9A7-C6462683658D}.Release|Any CPU.Deploy.0 = Release|Any CPU
		{E1665602-82E0-4DFB-B9A7-C6462683658D}.Release|iPhone.ActiveCfg = Release|Any CPU
		{E1665602-82E0-4DFB-B9A7-C6462683658D}.Release|iPhone.Build.0 = Release|Any CPU
		{E1665602-82E0-4DFB-B9A7-C6462683658D}.Release|iPhone.Deploy.0 = Release|Any CPU
		{E1665602-82E0-4DFB-B9A7-C6462683658D}.Release|iPhoneSimulator.ActiveCfg = Release|Any CPU
		{E1665602-82E0-4DFB-B9A7-C6462683658D}.Release|iPhoneSimulator.Build.0 = Release|Any CPU
		{E1665602-82E0-4DFB-B9A7-C6462683658D}.Release|iPhoneSimulator.Deploy.0 = Release|Any CPU
		{45787D7A-68F3-4753-8B07-905A82F6E96E}.Debug|Any CPU.ActiveCfg = Debug|iPhone
		{45787D7A-68F3-4753-8B07-905A82F6E96E}.Debug|Any CPU.Build.0 = Debug|iPhone
		{45787D7A-68F3-4753-8B07-905A82F6E96E}.Debug|Any CPU.Deploy.0 = Debug|iPhone
		{45787D7A-68F3-4753-8B07-905A82F6E96E}.Debug|iPhone.ActiveCfg = Debug|iPhone
		{45787D7A-68F3-4753-8B07-905A82F6E96E}.Debug|iPhone.Build.0 = Debug|iPhone
		{45787D7A-68F3-4753-8B07-905A82F6E96E}.Debug|iPhone.Deploy.0 = Debug|iPhone
		{45787D7A-68F3-4753-8B07-905A82F6E96E}.Debug|iPhoneSimulator.ActiveCfg = Debug|iPhoneSimulator
		{45787D7A-68F3-4753-8B07-905A82F6E96E}.Debug|iPhoneSimulator.Build.0 = Debug|iPhoneSimulator
		{45787D7A-68F3-4753-8B07-905A82F6E96E}.Debug|iPhoneSimulator.Deploy.0 = Debug|iPhoneSimulator
		{45787D7A-68F3-4753-8B07-905A82F6E96E}.Release|Any CPU.ActiveCfg = Release|iPhoneSimulator
		{45787D7A-68F3-4753-8B07-905A82F6E96E}.Release|Any CPU.Build.0 = Release|iPhoneSimulator
		{45787D7A-68F3-4753-8B07-905A82F6E96E}.Release|Any CPU.Deploy.0 = Release|iPhoneSimulator
		{45787D7A-68F3-4753-8B07-905A82F6E96E}.Release|iPhone.ActiveCfg = Release|iPhone
		{45787D7A-68F3-4753-8B07-905A82F6E96E}.Release|iPhone.Build.0 = Release|iPhone
		{45787D7A-68F3-4753-8B07-905A82F6E96E}.Release|iPhone.Deploy.0 = Release|iPhone
		{45787D7A-68F3-4753-8B07-905A82F6E96E}.Release|iPhoneSimulator.ActiveCfg = Release|iPhoneSimulator
		{45787D7A-68F3-4753-8B07-905A82F6E96E}.Release|iPhoneSimulator.Build.0 = Release|iPhoneSimulator
		{45787D7A-68F3-4753-8B07-905A82F6E96E}.Release|iPhoneSimulator.Deploy.0 = Release|iPhoneSimulator
		{3B12746B-D777-489A-B8F8-5BC0CE8E0535}.Debug|Any CPU.ActiveCfg = Debug|Any CPU
		{3B12746B-D777-489A-B8F8-5BC0CE8E0535}.Debug|Any CPU.Build.0 = Debug|Any CPU
		{3B12746B-D777-489A-B8F8-5BC0CE8E0535}.Debug|Any CPU.Deploy.0 = Debug|Any CPU
		{3B12746B-D777-489A-B8F8-5BC0CE8E0535}.Debug|iPhone.ActiveCfg = Debug|Any CPU
		{3B12746B-D777-489A-B8F8-5BC0CE8E0535}.Debug|iPhone.Build.0 = Debug|Any CPU
		{3B12746B-D777-489A-B8F8-5BC0CE8E0535}.Debug|iPhone.Deploy.0 = Debug|Any CPU
		{3B12746B-D777-489A-B8F8-5BC0CE8E0535}.Debug|iPhoneSimulator.ActiveCfg = Debug|Any CPU
		{3B12746B-D777-489A-B8F8-5BC0CE8E0535}.Debug|iPhoneSimulator.Build.0 = Debug|Any CPU
		{3B12746B-D777-489A-B8F8-5BC0CE8E0535}.Debug|iPhoneSimulator.Deploy.0 = Debug|Any CPU
		{3B12746B-D777-489A-B8F8-5BC0CE8E0535}.Release|Any CPU.ActiveCfg = Release|Any CPU
		{3B12746B-D777-489A-B8F8-5BC0CE8E0535}.Release|Any CPU.Build.0 = Release|Any CPU
		{3B12746B-D777-489A-B8F8-5BC0CE8E0535}.Release|Any CPU.Deploy.0 = Release|Any CPU
		{3B12746B-D777-489A-B8F8-5BC0CE8E0535}.Release|iPhone.ActiveCfg = Release|Any CPU
		{3B12746B-D777-489A-B8F8-5BC0CE8E0535}.Release|iPhone.Build.0 = Release|Any CPU
		{3B12746B-D777-489A-B8F8-5BC0CE8E0535}.Release|iPhone.Deploy.0 = Release|Any CPU
		{3B12746B-D777-489A-B8F8-5BC0CE8E0535}.Release|iPhoneSimulator.ActiveCfg = Release|Any CPU
		{3B12746B-D777-489A-B8F8-5BC0CE8E0535}.Release|iPhoneSimulator.Build.0 = Release|Any CPU
		{3B12746B-D777-489A-B8F8-5BC0CE8E0535}.Release|iPhoneSimulator.Deploy.0 = Release|Any CPU
	EndGlobalSection
	GlobalSection(SolutionProperties) = preSolution
		HideSolutionNode = FALSE
	EndGlobalSection
	GlobalSection(ExtensibilityGlobals) = postSolution
		SolutionGuid = {C1D00ACE-D932-4788-B7BB-BAF706CC05F3}
	EndGlobalSection
EndGlobal
